// !$*UTF8*$!
{
	archiveVersion = 1;
	classes = {
	};
	objectVersion = 56;
	objects = {

/* Begin PBXBuildFile section */
		02BC01E92BF72B8300677351 /* ComposableArchitectureTutorial_iOSApp.swift in Sources */ = {isa = PBXBuildFile; fileRef = 02BC01E82BF72B8300677351 /* ComposableArchitectureTutorial_iOSApp.swift */; };
		02BC01EB2BF72B8300677351 /* ContentView.swift in Sources */ = {isa = PBXBuildFile; fileRef = 02BC01EA2BF72B8300677351 /* ContentView.swift */; };
		02BC01ED2BF72B8500677351 /* Assets.xcassets in Resources */ = {isa = PBXBuildFile; fileRef = 02BC01EC2BF72B8500677351 /* Assets.xcassets */; };
		02BC01F02BF72B8500677351 /* Preview Assets.xcassets in Resources */ = {isa = PBXBuildFile; fileRef = 02BC01EF2BF72B8500677351 /* Preview Assets.xcassets */; };
		02BC01FA2BF72B8600677351 /* CounterFeatureTests.swift in Sources */ = {isa = PBXBuildFile; fileRef = 02BC01F92BF72B8600677351 /* CounterFeatureTests.swift */; };
		02BC02042BF72B8600677351 /* ComposableArchitectureTutorial_iOSUITests.swift in Sources */ = {isa = PBXBuildFile; fileRef = 02BC02032BF72B8600677351 /* ComposableArchitectureTutorial_iOSUITests.swift */; };
		02BC02062BF72B8600677351 /* ComposableArchitectureTutorial_iOSUITestsLaunchTests.swift in Sources */ = {isa = PBXBuildFile; fileRef = 02BC02052BF72B8600677351 /* ComposableArchitectureTutorial_iOSUITestsLaunchTests.swift */; };
		02BC02142BF72BF700677351 /* ComposableArchitecture in Frameworks */ = {isa = PBXBuildFile; productRef = 02BC02132BF72BF700677351 /* ComposableArchitecture */; };
		02BC02162BF72C7200677351 /* CounterFeature.swift in Sources */ = {isa = PBXBuildFile; fileRef = 02BC02152BF72C7200677351 /* CounterFeature.swift */; };
		02BC02182BF7301200677351 /* CounterView.swift in Sources */ = {isa = PBXBuildFile; fileRef = 02BC02172BF7301200677351 /* CounterView.swift */; };
		02BC021B2BFC0F5600677351 /* NumberFactClient.swift in Sources */ = {isa = PBXBuildFile; fileRef = 02BC021A2BFC0F5600677351 /* NumberFactClient.swift */; };
		02BC021D2BFC160B00677351 /* AppFeature.swift in Sources */ = {isa = PBXBuildFile; fileRef = 02BC021C2BFC160B00677351 /* AppFeature.swift */; };
		02BC021F2BFC196D00677351 /* AppFeatureTests.swift in Sources */ = {isa = PBXBuildFile; fileRef = 02BC021E2BFC196D00677351 /* AppFeatureTests.swift */; };
		02BC02212BFC1C2100677351 /* ContactsFeature.swift in Sources */ = {isa = PBXBuildFile; fileRef = 02BC02202BFC1C2100677351 /* ContactsFeature.swift */; };
		02BC02232BFC1C4100677351 /* ContactsView.swift in Sources */ = {isa = PBXBuildFile; fileRef = 02BC02222BFC1C4100677351 /* ContactsView.swift */; };
		02BC02272BFC1CBF00677351 /* AddContactFeature.swift in Sources */ = {isa = PBXBuildFile; fileRef = 02BC02262BFC1CBF00677351 /* AddContactFeature.swift */; };
/* End PBXBuildFile section */

/* Begin PBXContainerItemProxy section */
		02BC01F62BF72B8600677351 /* PBXContainerItemProxy */ = {
			isa = PBXContainerItemProxy;
			containerPortal = 02BC01DD2BF72B8300677351 /* Project object */;
			proxyType = 1;
			remoteGlobalIDString = 02BC01E42BF72B8300677351;
			remoteInfo = "ComposableArchitectureTutorial-iOS";
		};
		02BC02002BF72B8600677351 /* PBXContainerItemProxy */ = {
			isa = PBXContainerItemProxy;
			containerPortal = 02BC01DD2BF72B8300677351 /* Project object */;
			proxyType = 1;
			remoteGlobalIDString = 02BC01E42BF72B8300677351;
			remoteInfo = "ComposableArchitectureTutorial-iOS";
		};
/* End PBXContainerItemProxy section */

/* Begin PBXFileReference section */
		02BC01E52BF72B8300677351 /* ComposableArchitectureTutorial-iOS.app */ = {isa = PBXFileReference; explicitFileType = wrapper.application; includeInIndex = 0; path = "ComposableArchitectureTutorial-iOS.app"; sourceTree = BUILT_PRODUCTS_DIR; };
		02BC01E82BF72B8300677351 /* ComposableArchitectureTutorial_iOSApp.swift */ = {isa = PBXFileReference; lastKnownFileType = sourcecode.swift; path = ComposableArchitectureTutorial_iOSApp.swift; sourceTree = "<group>"; };
		02BC01EA2BF72B8300677351 /* ContentView.swift */ = {isa = PBXFileReference; lastKnownFileType = sourcecode.swift; path = ContentView.swift; sourceTree = "<group>"; };
		02BC01EC2BF72B8500677351 /* Assets.xcassets */ = {isa = PBXFileReference; lastKnownFileType = folder.assetcatalog; path = Assets.xcassets; sourceTree = "<group>"; };
		02BC01EF2BF72B8500677351 /* Preview Assets.xcassets */ = {isa = PBXFileReference; lastKnownFileType = folder.assetcatalog; path = "Preview Assets.xcassets"; sourceTree = "<group>"; };
		02BC01F52BF72B8600677351 /* ComposableArchitectureTutorial-iOSTests.xctest */ = {isa = PBXFileReference; explicitFileType = wrapper.cfbundle; includeInIndex = 0; path = "ComposableArchitectureTutorial-iOSTests.xctest"; sourceTree = BUILT_PRODUCTS_DIR; };
		02BC01F92BF72B8600677351 /* CounterFeatureTests.swift */ = {isa = PBXFileReference; lastKnownFileType = sourcecode.swift; path = CounterFeatureTests.swift; sourceTree = "<group>"; };
		02BC01FF2BF72B8600677351 /* ComposableArchitectureTutorial-iOSUITests.xctest */ = {isa = PBXFileReference; explicitFileType = wrapper.cfbundle; includeInIndex = 0; path = "ComposableArchitectureTutorial-iOSUITests.xctest"; sourceTree = BUILT_PRODUCTS_DIR; };
		02BC02032BF72B8600677351 /* ComposableArchitectureTutorial_iOSUITests.swift */ = {isa = PBXFileReference; lastKnownFileType = sourcecode.swift; path = ComposableArchitectureTutorial_iOSUITests.swift; sourceTree = "<group>"; };
		02BC02052BF72B8600677351 /* ComposableArchitectureTutorial_iOSUITestsLaunchTests.swift */ = {isa = PBXFileReference; lastKnownFileType = sourcecode.swift; path = ComposableArchitectureTutorial_iOSUITestsLaunchTests.swift; sourceTree = "<group>"; };
		02BC02152BF72C7200677351 /* CounterFeature.swift */ = {isa = PBXFileReference; lastKnownFileType = sourcecode.swift; path = CounterFeature.swift; sourceTree = "<group>"; };
		02BC02172BF7301200677351 /* CounterView.swift */ = {isa = PBXFileReference; lastKnownFileType = sourcecode.swift; path = CounterView.swift; sourceTree = "<group>"; };
		02BC02192BF7370100677351 /* Info.plist */ = {isa = PBXFileReference; lastKnownFileType = text.plist; path = Info.plist; sourceTree = "<group>"; };
		02BC021A2BFC0F5600677351 /* NumberFactClient.swift */ = {isa = PBXFileReference; lastKnownFileType = sourcecode.swift; path = NumberFactClient.swift; sourceTree = "<group>"; };
		02BC021C2BFC160B00677351 /* AppFeature.swift */ = {isa = PBXFileReference; lastKnownFileType = sourcecode.swift; path = AppFeature.swift; sourceTree = "<group>"; };
		02BC021E2BFC196D00677351 /* AppFeatureTests.swift */ = {isa = PBXFileReference; lastKnownFileType = sourcecode.swift; path = AppFeatureTests.swift; sourceTree = "<group>"; };
		02BC02202BFC1C2100677351 /* ContactsFeature.swift */ = {isa = PBXFileReference; lastKnownFileType = sourcecode.swift; path = ContactsFeature.swift; sourceTree = "<group>"; };
		02BC02222BFC1C4100677351 /* ContactsView.swift */ = {isa = PBXFileReference; lastKnownFileType = sourcecode.swift; path = ContactsView.swift; sourceTree = "<group>"; };
		02BC02262BFC1CBF00677351 /* AddContactFeature.swift */ = {isa = PBXFileReference; lastKnownFileType = sourcecode.swift; path = AddContactFeature.swift; sourceTree = "<group>"; };
/* End PBXFileReference section */

/* Begin PBXFrameworksBuildPhase section */
		02BC01E22BF72B8300677351 /* Frameworks */ = {
			isa = PBXFrameworksBuildPhase;
			buildActionMask = 2147483647;
			files = (
				02BC02142BF72BF700677351 /* ComposableArchitecture in Frameworks */,
			);
			runOnlyForDeploymentPostprocessing = 0;
		};
		02BC01F22BF72B8600677351 /* Frameworks */ = {
			isa = PBXFrameworksBuildPhase;
			buildActionMask = 2147483647;
			files = (
			);
			runOnlyForDeploymentPostprocessing = 0;
		};
		02BC01FC2BF72B8600677351 /* Frameworks */ = {
			isa = PBXFrameworksBuildPhase;
			buildActionMask = 2147483647;
			files = (
			);
			runOnlyForDeploymentPostprocessing = 0;
		};
/* End PBXFrameworksBuildPhase section */

/* Begin PBXGroup section */
		02BC01DC2BF72B8300677351 = {
			isa = PBXGroup;
			children = (
				02BC01E72BF72B8300677351 /* ComposableArchitectureTutorial-iOS */,
				02BC01F82BF72B8600677351 /* ComposableArchitectureTutorial-iOSTests */,
				02BC02022BF72B8600677351 /* ComposableArchitectureTutorial-iOSUITests */,
				02BC01E62BF72B8300677351 /* Products */,
			);
			sourceTree = "<group>";
		};
		02BC01E62BF72B8300677351 /* Products */ = {
			isa = PBXGroup;
			children = (
				02BC01E52BF72B8300677351 /* ComposableArchitectureTutorial-iOS.app */,
				02BC01F52BF72B8600677351 /* ComposableArchitectureTutorial-iOSTests.xctest */,
				02BC01FF2BF72B8600677351 /* ComposableArchitectureTutorial-iOSUITests.xctest */,
			);
			name = Products;
			sourceTree = "<group>";
		};
		02BC01E72BF72B8300677351 /* ComposableArchitectureTutorial-iOS */ = {
			isa = PBXGroup;
			children = (
				02BC02192BF7370100677351 /* Info.plist */,
				02BC01E82BF72B8300677351 /* ComposableArchitectureTutorial_iOSApp.swift */,
				02BC02202BFC1C2100677351 /* ContactsFeature.swift */,
				02BC02222BFC1C4100677351 /* ContactsView.swift */,
				02BC02152BF72C7200677351 /* CounterFeature.swift */,
				02BC02262BFC1CBF00677351 /* AddContactFeature.swift */,
				02BC02172BF7301200677351 /* CounterView.swift */,
				02BC01EA2BF72B8300677351 /* ContentView.swift */,
				02BC01EC2BF72B8500677351 /* Assets.xcassets */,
				02BC01EE2BF72B8500677351 /* Preview Content */,
				02BC021A2BFC0F5600677351 /* NumberFactClient.swift */,
				02BC021C2BFC160B00677351 /* AppFeature.swift */,
			);
			path = "ComposableArchitectureTutorial-iOS";
			sourceTree = "<group>";
		};
		02BC01EE2BF72B8500677351 /* Preview Content */ = {
			isa = PBXGroup;
			children = (
				02BC01EF2BF72B8500677351 /* Preview Assets.xcassets */,
			);
			path = "Preview Content";
			sourceTree = "<group>";
		};
		02BC01F82BF72B8600677351 /* ComposableArchitectureTutorial-iOSTests */ = {
			isa = PBXGroup;
			children = (
				02BC01F92BF72B8600677351 /* CounterFeatureTests.swift */,
				02BC021E2BFC196D00677351 /* AppFeatureTests.swift */,
			);
			path = "ComposableArchitectureTutorial-iOSTests";
			sourceTree = "<group>";
		};
		02BC02022BF72B8600677351 /* ComposableArchitectureTutorial-iOSUITests */ = {
			isa = PBXGroup;
			children = (
				02BC02032BF72B8600677351 /* ComposableArchitectureTutorial_iOSUITests.swift */,
				02BC02052BF72B8600677351 /* ComposableArchitectureTutorial_iOSUITestsLaunchTests.swift */,
			);
			path = "ComposableArchitectureTutorial-iOSUITests";
			sourceTree = "<group>";
		};
/* End PBXGroup section */

/* Begin PBXNativeTarget section */
		02BC01E42BF72B8300677351 /* ComposableArchitectureTutorial-iOS */ = {
			isa = PBXNativeTarget;
			buildConfigurationList = 02BC02092BF72B8600677351 /* Build configuration list for PBXNativeTarget "ComposableArchitectureTutorial-iOS" */;
			buildPhases = (
				02BC01E12BF72B8300677351 /* Sources */,
				02BC01E22BF72B8300677351 /* Frameworks */,
				02BC01E32BF72B8300677351 /* Resources */,
			);
			buildRules = (
			);
			dependencies = (
			);
			name = "ComposableArchitectureTutorial-iOS";
			packageProductDependencies = (
				02BC02132BF72BF700677351 /* ComposableArchitecture */,
			);
			productName = "ComposableArchitectureTutorial-iOS";
			productReference = 02BC01E52BF72B8300677351 /* ComposableArchitectureTutorial-iOS.app */;
			productType = "com.apple.product-type.application";
		};
		02BC01F42BF72B8600677351 /* ComposableArchitectureTutorial-iOSTests */ = {
			isa = PBXNativeTarget;
			buildConfigurationList = 02BC020C2BF72B8600677351 /* Build configuration list for PBXNativeTarget "ComposableArchitectureTutorial-iOSTests" */;
			buildPhases = (
				02BC01F12BF72B8600677351 /* Sources */,
				02BC01F22BF72B8600677351 /* Frameworks */,
				02BC01F32BF72B8600677351 /* Resources */,
			);
			buildRules = (
			);
			dependencies = (
				02BC01F72BF72B8600677351 /* PBXTargetDependency */,
			);
			name = "ComposableArchitectureTutorial-iOSTests";
			productName = "ComposableArchitectureTutorial-iOSTests";
			productReference = 02BC01F52BF72B8600677351 /* ComposableArchitectureTutorial-iOSTests.xctest */;
			productType = "com.apple.product-type.bundle.unit-test";
		};
		02BC01FE2BF72B8600677351 /* ComposableArchitectureTutorial-iOSUITests */ = {
			isa = PBXNativeTarget;
			buildConfigurationList = 02BC020F2BF72B8600677351 /* Build configuration list for PBXNativeTarget "ComposableArchitectureTutorial-iOSUITests" */;
			buildPhases = (
				02BC01FB2BF72B8600677351 /* Sources */,
				02BC01FC2BF72B8600677351 /* Frameworks */,
				02BC01FD2BF72B8600677351 /* Resources */,
			);
			buildRules = (
			);
			dependencies = (
				02BC02012BF72B8600677351 /* PBXTargetDependency */,
			);
			name = "ComposableArchitectureTutorial-iOSUITests";
			productName = "ComposableArchitectureTutorial-iOSUITests";
			productReference = 02BC01FF2BF72B8600677351 /* ComposableArchitectureTutorial-iOSUITests.xctest */;
			productType = "com.apple.product-type.bundle.ui-testing";
		};
/* End PBXNativeTarget section */

/* Begin PBXProject section */
		02BC01DD2BF72B8300677351 /* Project object */ = {
			isa = PBXProject;
			attributes = {
				BuildIndependentTargetsInParallel = 1;
				LastSwiftUpdateCheck = 1520;
				LastUpgradeCheck = 1520;
				TargetAttributes = {
					02BC01E42BF72B8300677351 = {
						CreatedOnToolsVersion = 15.2;
					};
					02BC01F42BF72B8600677351 = {
						CreatedOnToolsVersion = 15.2;
						TestTargetID = 02BC01E42BF72B8300677351;
					};
					02BC01FE2BF72B8600677351 = {
						CreatedOnToolsVersion = 15.2;
						TestTargetID = 02BC01E42BF72B8300677351;
					};
				};
			};
			buildConfigurationList = 02BC01E02BF72B8300677351 /* Build configuration list for PBXProject "ComposableArchitectureTutorial-iOS" */;
			compatibilityVersion = "Xcode 14.0";
			developmentRegion = en;
			hasScannedForEncodings = 0;
			knownRegions = (
				en,
				Base,
			);
			mainGroup = 02BC01DC2BF72B8300677351;
			packageReferences = (
				02BC02122BF72BF700677351 /* XCRemoteSwiftPackageReference "swift-composable-architecture" */,
			);
			productRefGroup = 02BC01E62BF72B8300677351 /* Products */;
			projectDirPath = "";
			projectRoot = "";
			targets = (
				02BC01E42BF72B8300677351 /* ComposableArchitectureTutorial-iOS */,
				02BC01F42BF72B8600677351 /* ComposableArchitectureTutorial-iOSTests */,
				02BC01FE2BF72B8600677351 /* ComposableArchitectureTutorial-iOSUITests */,
			);
		};
/* End PBXProject section */

/* Begin PBXResourcesBuildPhase section */
		02BC01E32BF72B8300677351 /* Resources */ = {
			isa = PBXResourcesBuildPhase;
			buildActionMask = 2147483647;
			files = (
				02BC01F02BF72B8500677351 /* Preview Assets.xcassets in Resources */,
				02BC01ED2BF72B8500677351 /* Assets.xcassets in Resources */,
			);
			runOnlyForDeploymentPostprocessing = 0;
		};
		02BC01F32BF72B8600677351 /* Resources */ = {
			isa = PBXResourcesBuildPhase;
			buildActionMask = 2147483647;
			files = (
			);
			runOnlyForDeploymentPostprocessing = 0;
		};
		02BC01FD2BF72B8600677351 /* Resources */ = {
			isa = PBXResourcesBuildPhase;
			buildActionMask = 2147483647;
			files = (
			);
			runOnlyForDeploymentPostprocessing = 0;
		};
/* End PBXResourcesBuildPhase section */

/* Begin PBXSourcesBuildPhase section */
		02BC01E12BF72B8300677351 /* Sources */ = {
			isa = PBXSourcesBuildPhase;
			buildActionMask = 2147483647;
			files = (
				02BC021D2BFC160B00677351 /* AppFeature.swift in Sources */,
				02BC02272BFC1CBF00677351 /* AddContactFeature.swift in Sources */,
				02BC021B2BFC0F5600677351 /* NumberFactClient.swift in Sources */,
				02BC02162BF72C7200677351 /* CounterFeature.swift in Sources */,
				02BC01EB2BF72B8300677351 /* ContentView.swift in Sources */,
				02BC02212BFC1C2100677351 /* ContactsFeature.swift in Sources */,
				02BC01E92BF72B8300677351 /* ComposableArchitectureTutorial_iOSApp.swift in Sources */,
				02BC02182BF7301200677351 /* CounterView.swift in Sources */,
				02BC02232BFC1C4100677351 /* ContactsView.swift in Sources */,
			);
			runOnlyForDeploymentPostprocessing = 0;
		};
		02BC01F12BF72B8600677351 /* Sources */ = {
			isa = PBXSourcesBuildPhase;
			buildActionMask = 2147483647;
			files = (
				02BC021F2BFC196D00677351 /* AppFeatureTests.swift in Sources */,
				02BC01FA2BF72B8600677351 /* CounterFeatureTests.swift in Sources */,
			);
			runOnlyForDeploymentPostprocessing = 0;
		};
		02BC01FB2BF72B8600677351 /* Sources */ = {
			isa = PBXSourcesBuildPhase;
			buildActionMask = 2147483647;
			files = (
				02BC02062BF72B8600677351 /* ComposableArchitectureTutorial_iOSUITestsLaunchTests.swift in Sources */,
				02BC02042BF72B8600677351 /* ComposableArchitectureTutorial_iOSUITests.swift in Sources */,
			);
			runOnlyForDeploymentPostprocessing = 0;
		};
/* End PBXSourcesBuildPhase section */

/* Begin PBXTargetDependency section */
		02BC01F72BF72B8600677351 /* PBXTargetDependency */ = {
			isa = PBXTargetDependency;
			target = 02BC01E42BF72B8300677351 /* ComposableArchitectureTutorial-iOS */;
			targetProxy = 02BC01F62BF72B8600677351 /* PBXContainerItemProxy */;
		};
		02BC02012BF72B8600677351 /* PBXTargetDependency */ = {
			isa = PBXTargetDependency;
			target = 02BC01E42BF72B8300677351 /* ComposableArchitectureTutorial-iOS */;
			targetProxy = 02BC02002BF72B8600677351 /* PBXContainerItemProxy */;
		};
/* End PBXTargetDependency section */

/* Begin XCBuildConfiguration section */
		02BC02072BF72B8600677351 /* Debug */ = {
			isa = XCBuildConfiguration;
			buildSettings = {
				ALWAYS_SEARCH_USER_PATHS = NO;
				ASSETCATALOG_COMPILER_GENERATE_SWIFT_ASSET_SYMBOL_EXTENSIONS = YES;
				CLANG_ANALYZER_NONNULL = YES;
				CLANG_ANALYZER_NUMBER_OBJECT_CONVERSION = YES_AGGRESSIVE;
				CLANG_CXX_LANGUAGE_STANDARD = "gnu++20";
				CLANG_ENABLE_MODULES = YES;
				CLANG_ENABLE_OBJC_ARC = YES;
				CLANG_ENABLE_OBJC_WEAK = YES;
				CLANG_WARN_BLOCK_CAPTURE_AUTORELEASING = YES;
				CLANG_WARN_BOOL_CONVERSION = YES;
				CLANG_WARN_COMMA = YES;
				CLANG_WARN_CONSTANT_CONVERSION = YES;
				CLANG_WARN_DEPRECATED_OBJC_IMPLEMENTATIONS = YES;
				CLANG_WARN_DIRECT_OBJC_ISA_USAGE = YES_ERROR;
				CLANG_WARN_DOCUMENTATION_COMMENTS = YES;
				CLANG_WARN_EMPTY_BODY = YES;
				CLANG_WARN_ENUM_CONVERSION = YES;
				CLANG_WARN_INFINITE_RECURSION = YES;
				CLANG_WARN_INT_CONVERSION = YES;
				CLANG_WARN_NON_LITERAL_NULL_CONVERSION = YES;
				CLANG_WARN_OBJC_IMPLICIT_RETAIN_SELF = YES;
				CLANG_WARN_OBJC_LITERAL_CONVERSION = YES;
				CLANG_WARN_OBJC_ROOT_CLASS = YES_ERROR;
				CLANG_WARN_QUOTED_INCLUDE_IN_FRAMEWORK_HEADER = YES;
				CLANG_WARN_RANGE_LOOP_ANALYSIS = YES;
				CLANG_WARN_STRICT_PROTOTYPES = YES;
				CLANG_WARN_SUSPICIOUS_MOVE = YES;
				CLANG_WARN_UNGUARDED_AVAILABILITY = YES_AGGRESSIVE;
				CLANG_WARN_UNREACHABLE_CODE = YES;
				CLANG_WARN__DUPLICATE_METHOD_MATCH = YES;
				COPY_PHASE_STRIP = NO;
				DEBUG_INFORMATION_FORMAT = dwarf;
				ENABLE_STRICT_OBJC_MSGSEND = YES;
				ENABLE_TESTABILITY = YES;
				ENABLE_USER_SCRIPT_SANDBOXING = YES;
				GCC_C_LANGUAGE_STANDARD = gnu17;
				GCC_DYNAMIC_NO_PIC = NO;
				GCC_NO_COMMON_BLOCKS = YES;
				GCC_OPTIMIZATION_LEVEL = 0;
				GCC_PREPROCESSOR_DEFINITIONS = (
					"DEBUG=1",
					"$(inherited)",
				);
				GCC_WARN_64_TO_32_BIT_CONVERSION = YES;
				GCC_WARN_ABOUT_RETURN_TYPE = YES_ERROR;
				GCC_WARN_UNDECLARED_SELECTOR = YES;
				GCC_WARN_UNINITIALIZED_AUTOS = YES_AGGRESSIVE;
				GCC_WARN_UNUSED_FUNCTION = YES;
				GCC_WARN_UNUSED_VARIABLE = YES;
				IPHONEOS_DEPLOYMENT_TARGET = 17.2;
				LOCALIZATION_PREFERS_STRING_CATALOGS = YES;
				MTL_ENABLE_DEBUG_INFO = INCLUDE_SOURCE;
				MTL_FAST_MATH = YES;
				ONLY_ACTIVE_ARCH = YES;
				SDKROOT = iphoneos;
				SWIFT_ACTIVE_COMPILATION_CONDITIONS = "DEBUG $(inherited)";
				SWIFT_OPTIMIZATION_LEVEL = "-Onone";
			};
			name = Debug;
		};
		02BC02082BF72B8600677351 /* Release */ = {
			isa = XCBuildConfiguration;
			buildSettings = {
				ALWAYS_SEARCH_USER_PATHS = NO;
				ASSETCATALOG_COMPILER_GENERATE_SWIFT_ASSET_SYMBOL_EXTENSIONS = YES;
				CLANG_ANALYZER_NONNULL = YES;
				CLANG_ANALYZER_NUMBER_OBJECT_CONVERSION = YES_AGGRESSIVE;
				CLANG_CXX_LANGUAGE_STANDARD = "gnu++20";
				CLANG_ENABLE_MODULES = YES;
				CLANG_ENABLE_OBJC_ARC = YES;
				CLANG_ENABLE_OBJC_WEAK = YES;
				CLANG_WARN_BLOCK_CAPTURE_AUTORELEASING = YES;
				CLANG_WARN_BOOL_CONVERSION = YES;
				CLANG_WARN_COMMA = YES;
				CLANG_WARN_CONSTANT_CONVERSION = YES;
				CLANG_WARN_DEPRECATED_OBJC_IMPLEMENTATIONS = YES;
				CLANG_WARN_DIRECT_OBJC_ISA_USAGE = YES_ERROR;
				CLANG_WARN_DOCUMENTATION_COMMENTS = YES;
				CLANG_WARN_EMPTY_BODY = YES;
				CLANG_WARN_ENUM_CONVERSION = YES;
				CLANG_WARN_INFINITE_RECURSION = YES;
				CLANG_WARN_INT_CONVERSION = YES;
				CLANG_WARN_NON_LITERAL_NULL_CONVERSION = YES;
				CLANG_WARN_OBJC_IMPLICIT_RETAIN_SELF = YES;
				CLANG_WARN_OBJC_LITERAL_CONVERSION = YES;
				CLANG_WARN_OBJC_ROOT_CLASS = YES_ERROR;
				CLANG_WARN_QUOTED_INCLUDE_IN_FRAMEWORK_HEADER = YES;
				CLANG_WARN_RANGE_LOOP_ANALYSIS = YES;
				CLANG_WARN_STRICT_PROTOTYPES = YES;
				CLANG_WARN_SUSPICIOUS_MOVE = YES;
				CLANG_WARN_UNGUARDED_AVAILABILITY = YES_AGGRESSIVE;
				CLANG_WARN_UNREACHABLE_CODE = YES;
				CLANG_WARN__DUPLICATE_METHOD_MATCH = YES;
				COPY_PHASE_STRIP = NO;
				DEBUG_INFORMATION_FORMAT = "dwarf-with-dsym";
				ENABLE_NS_ASSERTIONS = NO;
				ENABLE_STRICT_OBJC_MSGSEND = YES;
				ENABLE_USER_SCRIPT_SANDBOXING = YES;
				GCC_C_LANGUAGE_STANDARD = gnu17;
				GCC_NO_COMMON_BLOCKS = YES;
				GCC_WARN_64_TO_32_BIT_CONVERSION = YES;
				GCC_WARN_ABOUT_RETURN_TYPE = YES_ERROR;
				GCC_WARN_UNDECLARED_SELECTOR = YES;
				GCC_WARN_UNINITIALIZED_AUTOS = YES_AGGRESSIVE;
				GCC_WARN_UNUSED_FUNCTION = YES;
				GCC_WARN_UNUSED_VARIABLE = YES;
				IPHONEOS_DEPLOYMENT_TARGET = 17.2;
				LOCALIZATION_PREFERS_STRING_CATALOGS = YES;
				MTL_ENABLE_DEBUG_INFO = NO;
				MTL_FAST_MATH = YES;
				SDKROOT = iphoneos;
				SWIFT_COMPILATION_MODE = wholemodule;
				VALIDATE_PRODUCT = YES;
			};
			name = Release;
		};
		02BC020A2BF72B8600677351 /* Debug */ = {
			isa = XCBuildConfiguration;
			buildSettings = {
				ASSETCATALOG_COMPILER_APPICON_NAME = AppIcon;
				ASSETCATALOG_COMPILER_GLOBAL_ACCENT_COLOR_NAME = AccentColor;
				CODE_SIGN_STYLE = Automatic;
				CURRENT_PROJECT_VERSION = 1;
				DEVELOPMENT_ASSET_PATHS = "\"ComposableArchitectureTutorial-iOS/Preview Content\"";
				ENABLE_PREVIEWS = YES;
				GENERATE_INFOPLIST_FILE = YES;
				INFOPLIST_FILE = "ComposableArchitectureTutorial-iOS/Info.plist";
				INFOPLIST_KEY_UIApplicationSceneManifest_Generation = YES;
				INFOPLIST_KEY_UIApplicationSupportsIndirectInputEvents = YES;
				INFOPLIST_KEY_UILaunchScreen_Generation = YES;
				INFOPLIST_KEY_UISupportedInterfaceOrientations_iPad = "UIInterfaceOrientationPortrait UIInterfaceOrientationPortraitUpsideDown UIInterfaceOrientationLandscapeLeft UIInterfaceOrientationLandscapeRight";
				INFOPLIST_KEY_UISupportedInterfaceOrientations_iPhone = "UIInterfaceOrientationPortrait UIInterfaceOrientationLandscapeLeft UIInterfaceOrientationLandscapeRight";
				LD_RUNPATH_SEARCH_PATHS = (
					"$(inherited)",
					"@executable_path/Frameworks",
				);
				MARKETING_VERSION = 1.0;
				PRODUCT_BUNDLE_IDENTIFIER = "ari.sample.ComposableArchitectureTutorial-iOS";
				PRODUCT_NAME = "$(TARGET_NAME)";
				SWIFT_EMIT_LOC_STRINGS = YES;
				SWIFT_VERSION = 5.0;
				TARGETED_DEVICE_FAMILY = "1,2";
			};
			name = Debug;
		};
		02BC020B2BF72B8600677351 /* Release */ = {
			isa = XCBuildConfiguration;
			buildSettings = {
				ASSETCATALOG_COMPILER_APPICON_NAME = AppIcon;
				ASSETCATALOG_COMPILER_GLOBAL_ACCENT_COLOR_NAME = AccentColor;
				CODE_SIGN_STYLE = Automatic;
				CURRENT_PROJECT_VERSION = 1;
				DEVELOPMENT_ASSET_PATHS = "\"ComposableArchitectureTutorial-iOS/Preview Content\"";
				ENABLE_PREVIEWS = YES;
				GENERATE_INFOPLIST_FILE = YES;
				INFOPLIST_FILE = "ComposableArchitectureTutorial-iOS/Info.plist";
				INFOPLIST_KEY_UIApplicationSceneManifest_Generation = YES;
				INFOPLIST_KEY_UIApplicationSupportsIndirectInputEvents = YES;
				INFOPLIST_KEY_UILaunchScreen_Generation = YES;
				INFOPLIST_KEY_UISupportedInterfaceOrientations_iPad = "UIInterfaceOrientationPortrait UIInterfaceOrientationPortraitUpsideDown UIInterfaceOrientationLandscapeLeft UIInterfaceOrientationLandscapeRight";
				INFOPLIST_KEY_UISupportedInterfaceOrientations_iPhone = "UIInterfaceOrientationPortrait UIInterfaceOrientationLandscapeLeft UIInterfaceOrientationLandscapeRight";
				LD_RUNPATH_SEARCH_PATHS = (
					"$(inherited)",
					"@executable_path/Frameworks",
				);
				MARKETING_VERSION = 1.0;
				PRODUCT_BUNDLE_IDENTIFIER = "ari.sample.ComposableArchitectureTutorial-iOS";
				PRODUCT_NAME = "$(TARGET_NAME)";
				SWIFT_EMIT_LOC_STRINGS = YES;
				SWIFT_VERSION = 5.0;
				TARGETED_DEVICE_FAMILY = "1,2";
			};
			name = Release;
		};
		02BC020D2BF72B8600677351 /* Debug */ = {
			isa = XCBuildConfiguration;
			buildSettings = {
				ALWAYS_EMBED_SWIFT_STANDARD_LIBRARIES = YES;
				BUNDLE_LOADER = "$(TEST_HOST)";
				CODE_SIGN_STYLE = Automatic;
				CURRENT_PROJECT_VERSION = 1;
				GENERATE_INFOPLIST_FILE = YES;
				IPHONEOS_DEPLOYMENT_TARGET = 17.2;
				MARKETING_VERSION = 1.0;
				PRODUCT_BUNDLE_IDENTIFIER = "ari.sample.ComposableArchitectureTutorial-iOSTests";
				PRODUCT_NAME = "$(TARGET_NAME)";
				SWIFT_EMIT_LOC_STRINGS = NO;
				SWIFT_VERSION = 5.0;
				TARGETED_DEVICE_FAMILY = "1,2";
				TEST_HOST = "$(BUILT_PRODUCTS_DIR)/ComposableArchitectureTutorial-iOS.app/$(BUNDLE_EXECUTABLE_FOLDER_PATH)/ComposableArchitectureTutorial-iOS";
			};
			name = Debug;
		};
		02BC020E2BF72B8600677351 /* Release */ = {
			isa = XCBuildConfiguration;
			buildSettings = {
				ALWAYS_EMBED_SWIFT_STANDARD_LIBRARIES = YES;
				BUNDLE_LOADER = "$(TEST_HOST)";
				CODE_SIGN_STYLE = Automatic;
				CURRENT_PROJECT_VERSION = 1;
				GENERATE_INFOPLIST_FILE = YES;
				IPHONEOS_DEPLOYMENT_TARGET = 17.2;
				MARKETING_VERSION = 1.0;
				PRODUCT_BUNDLE_IDENTIFIER = "ari.sample.ComposableArchitectureTutorial-iOSTests";
				PRODUCT_NAME = "$(TARGET_NAME)";
				SWIFT_EMIT_LOC_STRINGS = NO;
				SWIFT_VERSION = 5.0;
				TARGETED_DEVICE_FAMILY = "1,2";
				TEST_HOST = "$(BUILT_PRODUCTS_DIR)/ComposableArchitectureTutorial-iOS.app/$(BUNDLE_EXECUTABLE_FOLDER_PATH)/ComposableArchitectureTutorial-iOS";
			};
			name = Release;
		};
		02BC02102BF72B8600677351 /* Debug */ = {
			isa = XCBuildConfiguration;
			buildSettings = {
				ALWAYS_EMBED_SWIFT_STANDARD_LIBRARIES = YES;
				CODE_SIGN_STYLE = Automatic;
				CURRENT_PROJECT_VERSION = 1;
				GENERATE_INFOPLIST_FILE = YES;
				MARKETING_VERSION = 1.0;
				PRODUCT_BUNDLE_IDENTIFIER = "ari.sample.ComposableArchitectureTutorial-iOSUITests";
				PRODUCT_NAME = "$(TARGET_NAME)";
				SWIFT_EMIT_LOC_STRINGS = NO;
				SWIFT_VERSION = 5.0;
				TARGETED_DEVICE_FAMILY = "1,2";
				TEST_TARGET_NAME = "ComposableArchitectureTutorial-iOS";
			};
			name = Debug;
		};
		02BC02112BF72B8600677351 /* Release */ = {
			isa = XCBuildConfiguration;
			buildSettings = {
				ALWAYS_EMBED_SWIFT_STANDARD_LIBRARIES = YES;
				CODE_SIGN_STYLE = Automatic;
				CURRENT_PROJECT_VERSION = 1;
				GENERATE_INFOPLIST_FILE = YES;
				MARKETING_VERSION = 1.0;
				PRODUCT_BUNDLE_IDENTIFIER = "ari.sample.ComposableArchitectureTutorial-iOSUITests";
				PRODUCT_NAME = "$(TARGET_NAME)";
				SWIFT_EMIT_LOC_STRINGS = NO;
				SWIFT_VERSION = 5.0;
				TARGETED_DEVICE_FAMILY = "1,2";
				TEST_TARGET_NAME = "ComposableArchitectureTutorial-iOS";
			};
			name = Release;
		};
/* End XCBuildConfiguration section */

/* Begin XCConfigurationList section */
		02BC01E02BF72B8300677351 /* Build configuration list for PBXProject "ComposableArchitectureTutorial-iOS" */ = {
			isa = XCConfigurationList;
			buildConfigurations = (
				02BC02072BF72B8600677351 /* Debug */,
				02BC02082BF72B8600677351 /* Release */,
			);
			defaultConfigurationIsVisible = 0;
			defaultConfigurationName = Release;
		};
		02BC02092BF72B8600677351 /* Build configuration list for PBXNativeTarget "ComposableArchitectureTutorial-iOS" */ = {
			isa = XCConfigurationList;
			buildConfigurations = (
				02BC020A2BF72B8600677351 /* Debug */,
				02BC020B2BF72B8600677351 /* Release */,
			);
			defaultConfigurationIsVisible = 0;
			defaultConfigurationName = Release;
		};
		02BC020C2BF72B8600677351 /* Build configuration list for PBXNativeTarget "ComposableArchitectureTutorial-iOSTests" */ = {
			isa = XCConfigurationList;
			buildConfigurations = (
				02BC020D2BF72B8600677351 /* Debug */,
				02BC020E2BF72B8600677351 /* Release */,
			);
			defaultConfigurationIsVisible = 0;
			defaultConfigurationName = Release;
		};
		02BC020F2BF72B8600677351 /* Build configuration list for PBXNativeTarget "ComposableArchitectureTutorial-iOSUITests" */ = {
			isa = XCConfigurationList;
			buildConfigurations = (
				02BC02102BF72B8600677351 /* Debug */,
				02BC02112BF72B8600677351 /* Release */,
			);
			defaultConfigurationIsVisible = 0;
			defaultConfigurationName = Release;
		};
/* End XCConfigurationList section */

/* Begin XCRemoteSwiftPackageReference section */
		02BC02122BF72BF700677351 /* XCRemoteSwiftPackageReference "swift-composable-architecture" */ = {
			isa = XCRemoteSwiftPackageReference;
			repositoryURL = "https://github.com/pointfreeco/swift-composable-architecture.git";
			requirement = {
				kind = upToNextMajorVersion;
				minimumVersion = 1.10.4;
			};
		};
/* End XCRemoteSwiftPackageReference section */

/* Begin XCSwiftPackageProductDependency section */
		02BC02132BF72BF700677351 /* ComposableArchitecture */ = {
			isa = XCSwiftPackageProductDependency;
			package = 02BC02122BF72BF700677351 /* XCRemoteSwiftPackageReference "swift-composable-architecture" */;
			productName = ComposableArchitecture;
		};
/* End XCSwiftPackageProductDependency section */
	};
	rootObject = 02BC01DD2BF72B8300677351 /* Project object */;
}
